Microsoft Visual Studio Solution File, Format Version 11.00
# Visual Studio 2010
Project("{8BC9CEB8-8B4A-11D0-8D11-00A0C91BC942}") = "libCglAllDifferent", "libCglAllDifferent.vcxproj", "{BE9EAD13-0BF3-472C-B654-F061F183B42A}"
EndProject
Project("{8BC9CEB8-8B4A-11D0-8D11-00A0C91BC942}") = "libCglBase", "libCglBase.vcxproj", "{2444CA78-9B77-4E30-8CA7-DB17302E33BF}"
EndProject
Project("{8BC9CEB8-8B4A-11D0-8D11-00A0C91BC942}") = "libCglClique", "libCglClique.vcxproj", "{9E656A4C-1A7B-4A15-A8D3-B5BCF7E2EBD1}"
EndProject
Project("{8BC9CEB8-8B4A-11D0-8D11-00A0C91BC942}") = "libCglDuplicateRow", "libCglDuplicateRow.vcxproj", "{B7CA91CF-EEB9-465C-9A6C-E93CC5A700FF}"
EndProject
Project("{8BC9CEB8-8B4A-11D0-8D11-00A0C91BC942}") = "libCglFlowCover", "libCglFlowCover.vcxproj", "{EC339E70-D555-4BBE-B467-59E8A3E9D20C}"
EndProject
Project("{8BC9CEB8-8B4A-11D0-8D11-00A0C91BC942}") = "libCglGomory", "libCglGomory.vcxproj", "{69D742E2-A68C-42FD-9C98-AB0D3CB00B33}"
EndProject
Project("{8BC9CEB8-8B4A-11D0-8D11-00A0C91BC942}") = "libCglKnapsackCover", "libCglKnapsackCover.vcxproj", "{F24263F2-F7B1-45EA-B417-05AE293921F8}"
EndProject
Project("{8BC9CEB8-8B4A-11D0-8D11-00A0C91BC942}") = "libCglLandP", "libCglLandP.vcxproj", "{920C3E96-4E5F-4CC6-B89A-B466771E6EEB}"
EndProject
Project("{8BC9CEB8-8B4A-11D0-8D11-00A0C91BC942}") = "libCglLiftAndProject", "libCglLiftAndProject.vcxproj", "{D46D61D1-08BC-4BD4-970A-BC0BAE106604}"
EndProject
Project("{8BC9CEB8-8B4A-11D0-8D11-00A0C91BC942}") = "libCglMixedIntegerRounding", "libCglMixedIntegerRounding.vcxproj", "{64312E07-A6E1-45FA-9268-E1B61E4A66A0}"
EndProject
Project("{8BC9CEB8-8B4A-11D0-8D11-00A0C91BC942}") = "libCglMixedIntegerRounding2", "libCglMixedIntegerRounding2.vcxproj", "{16DFFA89-D895-4849-A837-6200AFA5BA94}"
EndProject
Project("{8BC9CEB8-8B4A-11D0-8D11-00A0C91BC942}") = "libCglOddHole", "libCglOddHole.vcxproj", "{66DC9F01-D6FF-49AD-BFFA-159ADA3AA010}"
EndProject
Project("{8BC9CEB8-8B4A-11D0-8D11-00A0C91BC942}") = "libCglPreProcess", "libCglPreProcess.vcxproj", "{7EF16C8A-D367-40C8-B06D-D0448DB44162}"
EndProject
Project("{8BC9CEB8-8B4A-11D0-8D11-00A0C91BC942}") = "libCglProbing", "libCglProbing.vcxproj", "{6E486179-2895-4921-B06A-F7049ED7B283}"
EndProject
Project("{8BC9CEB8-8B4A-11D0-8D11-00A0C91BC942}") = "libCglRedSplit", "libCglRedSplit.vcxproj", "{B6B45FAA-AAC1-432B-9B58-DB688EE5387E}"
EndProject
Project("{8BC9CEB8-8B4A-11D0-8D11-00A0C91BC942}") = "libCglResidualCapacity", "libCglResidualCapacity.vcxproj", "{62FE6D71-7285-433A-9973-01C4FF54F121}"
EndProject
Project("{8BC9CEB8-8B4A-11D0-8D11-00A0C91BC942}") = "libCglSimpleRounding", "libCglSimpleRounding.vcxproj", "{43795729-F568-4646-99EF-36ADA015A214}"
EndProject
Project("{8BC9CEB8-8B4A-11D0-8D11-00A0C91BC942}") = "libCglTwomir", "libCglTwomir.vcxproj", "{FC362564-47B8-474A-B883-B3F33152CF75}"
EndProject
Project("{8BC9CEB8-8B4A-11D0-8D11-00A0C91BC942}") = "CglUnitTest", "CglUnitTest.vcxproj", "{A9E03D6C-DB20-422C-A316-3B00FDCB4904}"
EndProject
Global
	GlobalSection(SolutionConfigurationPlatforms) = preSolution
		Debug|Win32 = Debug|Win32
		Debug|x64 = Debug|x64
		DebugDLL|Win32 = DebugDLL|Win32
		DebugDLL|x64 = DebugDLL|x64
		Release|Win32 = Release|Win32
		Release|x64 = Release|x64
	EndGlobalSection
	GlobalSection(ProjectConfigurationPlatforms) = postSolution
		{BE9EAD13-0BF3-472C-B654-F061F183B42A}.Debug|Win32.ActiveCfg = Debug|Win32
		{BE9EAD13-0BF3-472C-B654-F061F183B42A}.Debug|Win32.Build.0 = Debug|Win32
		{BE9EAD13-0BF3-472C-B654-F061F183B42A}.Debug|x64.ActiveCfg = Debug|x64
		{BE9EAD13-0BF3-472C-B654-F061F183B42A}.Debug|x64.Build.0 = Debug|x64
		{BE9EAD13-0BF3-472C-B654-F061F183B42A}.DebugDLL|Win32.ActiveCfg = DebugDLL|Win32
		{BE9EAD13-0BF3-472C-B654-F061F183B42A}.DebugDLL|Win32.Build.0 = DebugDLL|Win32
		{BE9EAD13-0BF3-472C-B654-F061F183B42A}.DebugDLL|x64.ActiveCfg = DebugDLL|x64
		{BE9EAD13-0BF3-472C-B654-F061F183B42A}.DebugDLL|x64.Build.0 = DebugDLL|x64
		{BE9EAD13-0BF3-472C-B654-F061F183B42A}.Release|Win32.ActiveCfg = Release|Win32
		{BE9EAD13-0BF3-472C-B654-F061F183B42A}.Release|Win32.Build.0 = Release|Win32
		{BE9EAD13-0BF3-472C-B654-F061F183B42A}.Release|x64.ActiveCfg = Release|x64
		{BE9EAD13-0BF3-472C-B654-F061F183B42A}.Release|x64.Build.0 = Release|x64
		{2444CA78-9B77-4E30-8CA7-DB17302E33BF}.Debug|Win32.ActiveCfg = Debug|Win32
		{2444CA78-9B77-4E30-8CA7-DB17302E33BF}.Debug|Win32.Build.0 = Debug|Win32
		{2444CA78-9B77-4E30-8CA7-DB17302E33BF}.Debug|x64.ActiveCfg = Debug|x64
		{2444CA78-9B77-4E30-8CA7-DB17302E33BF}.Debug|x64.Build.0 = Debug|x64
		{2444CA78-9B77-4E30-8CA7-DB17302E33BF}.DebugDLL|Win32.ActiveCfg = DebugDLL|Win32
		{2444CA78-9B77-4E30-8CA7-DB17302E33BF}.DebugDLL|Win32.Build.0 = DebugDLL|Win32
		{2444CA78-9B77-4E30-8CA7-DB17302E33BF}.DebugDLL|x64.ActiveCfg = DebugDLL|x64
		{2444CA78-9B77-4E30-8CA7-DB17302E33BF}.DebugDLL|x64.Build.0 = DebugDLL|x64
		{2444CA78-9B77-4E30-8CA7-DB17302E33BF}.Release|Win32.ActiveCfg = Release|Win32
		{2444CA78-9B77-4E30-8CA7-DB17302E33BF}.Release|Win32.Build.0 = Release|Win32
		{2444CA78-9B77-4E30-8CA7-DB17302E33BF}.Release|x64.ActiveCfg = Release|x64
		{2444CA78-9B77-4E30-8CA7-DB17302E33BF}.Release|x64.Build.0 = Release|x64
		{9E656A4C-1A7B-4A15-A8D3-B5BCF7E2EBD1}.Debug|Win32.ActiveCfg = Debug|Win32
		{9E656A4C-1A7B-4A15-A8D3-B5BCF7E2EBD1}.Debug|Win32.Build.0 = Debug|Win32
		{9E656A4C-1A7B-4A15-A8D3-B5BCF7E2EBD1}.Debug|x64.ActiveCfg = Debug|x64
		{9E656A4C-1A7B-4A15-A8D3-B5BCF7E2EBD1}.Debug|x64.Build.0 = Debug|x64
		{9E656A4C-1A7B-4A15-A8D3-B5BCF7E2EBD1}.DebugDLL|Win32.ActiveCfg = DebugDLL|Win32
		{9E656A4C-1A7B-4A15-A8D3-B5BCF7E2EBD1}.DebugDLL|Win32.Build.0 = DebugDLL|Win32
		{9E656A4C-1A7B-4A15-A8D3-B5BCF7E2EBD1}.DebugDLL|x64.ActiveCfg = DebugDLL|x64
		{9E656A4C-1A7B-4A15-A8D3-B5BCF7E2EBD1}.DebugDLL|x64.Build.0 = DebugDLL|x64
		{9E656A4C-1A7B-4A15-A8D3-B5BCF7E2EBD1}.Release|Win32.ActiveCfg = Release|Win32
		{9E656A4C-1A7B-4A15-A8D3-B5BCF7E2EBD1}.Release|Win32.Build.0 = Release|Win32
		{9E656A4C-1A7B-4A15-A8D3-B5BCF7E2EBD1}.Release|x64.ActiveCfg = Release|x64
		{9E656A4C-1A7B-4A15-A8D3-B5BCF7E2EBD1}.Release|x64.Build.0 = Release|x64
		{B7CA91CF-EEB9-465C-9A6C-E93CC5A700FF}.Debug|Win32.ActiveCfg = Debug|Win32
		{B7CA91CF-EEB9-465C-9A6C-E93CC5A700FF}.Debug|Win32.Build.0 = Debug|Win32
		{B7CA91CF-EEB9-465C-9A6C-E93CC5A700FF}.Debug|x64.ActiveCfg = Debug|x64
		{B7CA91CF-EEB9-465C-9A6C-E93CC5A700FF}.Debug|x64.Build.0 = Debug|x64
		{B7CA91CF-EEB9-465C-9A6C-E93CC5A700FF}.DebugDLL|Win32.ActiveCfg = DebugDLL|Win32
		{B7CA91CF-EEB9-465C-9A6C-E93CC5A700FF}.DebugDLL|Win32.Build.0 = DebugDLL|Win32
		{B7CA91CF-EEB9-465C-9A6C-E93CC5A700FF}.DebugDLL|x64.ActiveCfg = DebugDLL|x64
		{B7CA91CF-EEB9-465C-9A6C-E93CC5A700FF}.DebugDLL|x64.Build.0 = DebugDLL|x64
		{B7CA91CF-EEB9-465C-9A6C-E93CC5A700FF}.Release|Win32.ActiveCfg = Release|Win32
		{B7CA91CF-EEB9-465C-9A6C-E93CC5A700FF}.Release|Win32.Build.0 = Release|Win32
		{B7CA91CF-EEB9-465C-9A6C-E93CC5A700FF}.Release|x64.ActiveCfg = Release|x64
		{B7CA91CF-EEB9-465C-9A6C-E93CC5A700FF}.Release|x64.Build.0 = Release|x64
		{EC339E70-D555-4BBE-B467-59E8A3E9D20C}.Debug|Win32.ActiveCfg = Debug|Win32
		{EC339E70-D555-4BBE-B467-59E8A3E9D20C}.Debug|Win32.Build.0 = Debug|Win32
		{EC339E70-D555-4BBE-B467-59E8A3E9D20C}.Debug|x64.ActiveCfg = Debug|x64
		{EC339E70-D555-4BBE-B467-59E8A3E9D20C}.Debug|x64.Build.0 = Debug|x64
		{EC339E70-D555-4BBE-B467-59E8A3E9D20C}.DebugDLL|Win32.ActiveCfg = DebugDLL|Win32
		{EC339E70-D555-4BBE-B467-59E8A3E9D20C}.DebugDLL|Win32.Build.0 = DebugDLL|Win32
		{EC339E70-D555-4BBE-B467-59E8A3E9D20C}.DebugDLL|x64.ActiveCfg = DebugDLL|x64
		{EC339E70-D555-4BBE-B467-59E8A3E9D20C}.DebugDLL|x64.Build.0 = DebugDLL|x64
		{EC339E70-D555-4BBE-B467-59E8A3E9D20C}.Release|Win32.ActiveCfg = Release|Win32
		{EC339E70-D555-4BBE-B467-59E8A3E9D20C}.Release|Win32.Build.0 = Release|Win32
		{EC339E70-D555-4BBE-B467-59E8A3E9D20C}.Release|x64.ActiveCfg = Release|x64
		{EC339E70-D555-4BBE-B467-59E8A3E9D20C}.Release|x64.Build.0 = Release|x64
		{69D742E2-A68C-42FD-9C98-AB0D3CB00B33}.Debug|Win32.ActiveCfg = Debug|Win32
		{69D742E2-A68C-42FD-9C98-AB0D3CB00B33}.Debug|Win32.Build.0 = Debug|Win32
		{69D742E2-A68C-42FD-9C98-AB0D3CB00B33}.Debug|x64.ActiveCfg = Debug|x64
		{69D742E2-A68C-42FD-9C98-AB0D3CB00B33}.Debug|x64.Build.0 = Debug|x64
		{69D742E2-A68C-42FD-9C98-AB0D3CB00B33}.DebugDLL|Win32.ActiveCfg = DebugDLL|Win32
		{69D742E2-A68C-42FD-9C98-AB0D3CB00B33}.DebugDLL|Win32.Build.0 = DebugDLL|Win32
		{69D742E2-A68C-42FD-9C98-AB0D3CB00B33}.DebugDLL|x64.ActiveCfg = DebugDLL|x64
		{69D742E2-A68C-42FD-9C98-AB0D3CB00B33}.DebugDLL|x64.Build.0 = DebugDLL|x64
		{69D742E2-A68C-42FD-9C98-AB0D3CB00B33}.Release|Win32.ActiveCfg = Release|Win32
		{69D742E2-A68C-42FD-9C98-AB0D3CB00B33}.Release|Win32.Build.0 = Release|Win32
		{69D742E2-A68C-42FD-9C98-AB0D3CB00B33}.Release|x64.ActiveCfg = Release|x64
		{69D742E2-A68C-42FD-9C98-AB0D3CB00B33}.Release|x64.Build.0 = Release|x64
		{F24263F2-F7B1-45EA-B417-05AE293921F8}.Debug|Win32.ActiveCfg = Debug|Win32
		{F24263F2-F7B1-45EA-B417-05AE293921F8}.Debug|Win32.Build.0 = Debug|Win32
		{F24263F2-F7B1-45EA-B417-05AE293921F8}.Debug|x64.ActiveCfg = Debug|x64
		{F24263F2-F7B1-45EA-B417-05AE293921F8}.Debug|x64.Build.0 = Debug|x64
		{F24263F2-F7B1-45EA-B417-05AE293921F8}.DebugDLL|Win32.ActiveCfg = DebugDLL|Win32
		{F24263F2-F7B1-45EA-B417-05AE293921F8}.DebugDLL|Win32.Build.0 = DebugDLL|Win32
		{F24263F2-F7B1-45EA-B417-05AE293921F8}.DebugDLL|x64.ActiveCfg = DebugDLL|x64
		{F24263F2-F7B1-45EA-B417-05AE293921F8}.DebugDLL|x64.Build.0 = DebugDLL|x64
		{F24263F2-F7B1-45EA-B417-05AE293921F8}.Release|Win32.ActiveCfg = Release|Win32
		{F24263F2-F7B1-45EA-B417-05AE293921F8}.Release|Win32.Build.0 = Release|Win32
		{F24263F2-F7B1-45EA-B417-05AE293921F8}.Release|x64.ActiveCfg = Release|x64
		{F24263F2-F7B1-45EA-B417-05AE293921F8}.Release|x64.Build.0 = Release|x64
		{920C3E96-4E5F-4CC6-B89A-B466771E6EEB}.Debug|Win32.ActiveCfg = Debug|Win32
		{920C3E96-4E5F-4CC6-B89A-B466771E6EEB}.Debug|Win32.Build.0 = Debug|Win32
		{920C3E96-4E5F-4CC6-B89A-B466771E6EEB}.Debug|x64.ActiveCfg = Debug|x64
		{920C3E96-4E5F-4CC6-B89A-B466771E6EEB}.Debug|x64.Build.0 = Debug|x64
		{920C3E96-4E5F-4CC6-B89A-B466771E6EEB}.DebugDLL|Win32.ActiveCfg = DebugDLL|Win32
		{920C3E96-4E5F-4CC6-B89A-B466771E6EEB}.DebugDLL|Win32.Build.0 = DebugDLL|Win32
		{920C3E96-4E5F-4CC6-B89A-B466771E6EEB}.DebugDLL|x64.ActiveCfg = DebugDLL|x64
		{920C3E96-4E5F-4CC6-B89A-B466771E6EEB}.DebugDLL|x64.Build.0 = DebugDLL|x64
		{920C3E96-4E5F-4CC6-B89A-B466771E6EEB}.Release|Win32.ActiveCfg = Release|Win32
		{920C3E96-4E5F-4CC6-B89A-B466771E6EEB}.Release|Win32.Build.0 = Release|Win32
		{920C3E96-4E5F-4CC6-B89A-B466771E6EEB}.Release|x64.ActiveCfg = Release|x64
		{920C3E96-4E5F-4CC6-B89A-B466771E6EEB}.Release|x64.Build.0 = Release|x64
		{D46D61D1-08BC-4BD4-970A-BC0BAE106604}.Debug|Win32.ActiveCfg = Debug|Win32
		{D46D61D1-08BC-4BD4-970A-BC0BAE106604}.Debug|Win32.Build.0 = Debug|Win32
		{D46D61D1-08BC-4BD4-970A-BC0BAE106604}.Debug|x64.ActiveCfg = Debug|x64
		{D46D61D1-08BC-4BD4-970A-BC0BAE106604}.Debug|x64.Build.0 = Debug|x64
		{D46D61D1-08BC-4BD4-970A-BC0BAE106604}.DebugDLL|Win32.ActiveCfg = DebugDLL|Win32
		{D46D61D1-08BC-4BD4-970A-BC0BAE106604}.DebugDLL|Win32.Build.0 = DebugDLL|Win32
		{D46D61D1-08BC-4BD4-970A-BC0BAE106604}.DebugDLL|x64.ActiveCfg = DebugDLL|x64
		{D46D61D1-08BC-4BD4-970A-BC0BAE106604}.DebugDLL|x64.Build.0 = DebugDLL|x64
		{D46D61D1-08BC-4BD4-970A-BC0BAE106604}.Release|Win32.ActiveCfg = Release|Win32
		{D46D61D1-08BC-4BD4-970A-BC0BAE106604}.Release|Win32.Build.0 = Release|Win32
		{D46D61D1-08BC-4BD4-970A-BC0BAE106604}.Release|x64.ActiveCfg = Release|x64
		{D46D61D1-08BC-4BD4-970A-BC0BAE106604}.Release|x64.Build.0 = Release|x64
		{64312E07-A6E1-45FA-9268-E1B61E4A66A0}.Debug|Win32.ActiveCfg = Debug|Win32
		{64312E07-A6E1-45FA-9268-E1B61E4A66A0}.Debug|Win32.Build.0 = Debug|Win32
		{64312E07-A6E1-45FA-9268-E1B61E4A66A0}.Debug|x64.ActiveCfg = Debug|x64
		{64312E07-A6E1-45FA-9268-E1B61E4A66A0}.Debug|x64.Build.0 = Debug|x64
		{64312E07-A6E1-45FA-9268-E1B61E4A66A0}.DebugDLL|Win32.ActiveCfg = DebugDLL|Win32
		{64312E07-A6E1-45FA-9268-E1B61E4A66A0}.DebugDLL|Win32.Build.0 = DebugDLL|Win32
		{64312E07-A6E1-45FA-9268-E1B61E4A66A0}.DebugDLL|x64.ActiveCfg = DebugDLL|x64
		{64312E07-A6E1-45FA-9268-E1B61E4A66A0}.DebugDLL|x64.Build.0 = DebugDLL|x64
		{64312E07-A6E1-45FA-9268-E1B61E4A66A0}.Release|Win32.ActiveCfg = Release|Win32
		{64312E07-A6E1-45FA-9268-E1B61E4A66A0}.Release|Win32.Build.0 = Release|Win32
		{64312E07-A6E1-45FA-9268-E1B61E4A66A0}.Release|x64.ActiveCfg = Release|x64
		{64312E07-A6E1-45FA-9268-E1B61E4A66A0}.Release|x64.Build.0 = Release|x64
		{16DFFA89-D895-4849-A837-6200AFA5BA94}.Debug|Win32.ActiveCfg = Debug|Win32
		{16DFFA89-D895-4849-A837-6200AFA5BA94}.Debug|Win32.Build.0 = Debug|Win32
		{16DFFA89-D895-4849-A837-6200AFA5BA94}.Debug|x64.ActiveCfg = Debug|x64
		{16DFFA89-D895-4849-A837-6200AFA5BA94}.Debug|x64.Build.0 = Debug|x64
		{16DFFA89-D895-4849-A837-6200AFA5BA94}.DebugDLL|Win32.ActiveCfg = DebugDLL|Win32
		{16DFFA89-D895-4849-A837-6200AFA5BA94}.DebugDLL|Win32.Build.0 = DebugDLL|Win32
		{16DFFA89-D895-4849-A837-6200AFA5BA94}.DebugDLL|x64.ActiveCfg = DebugDLL|x64
		{16DFFA89-D895-4849-A837-6200AFA5BA94}.DebugDLL|x64.Build.0 = DebugDLL|x64
		{16DFFA89-D895-4849-A837-6200AFA5BA94}.Release|Win32.ActiveCfg = Release|Win32
		{16DFFA89-D895-4849-A837-6200AFA5BA94}.Release|Win32.Build.0 = Release|Win32
		{16DFFA89-D895-4849-A837-6200AFA5BA94}.Release|x64.ActiveCfg = Release|x64
		{16DFFA89-D895-4849-A837-6200AFA5BA94}.Release|x64.Build.0 = Release|x64
		{66DC9F01-D6FF-49AD-BFFA-159ADA3AA010}.Debug|Win32.ActiveCfg = Debug|Win32
		{66DC9F01-D6FF-49AD-BFFA-159ADA3AA010}.Debug|Win32.Build.0 = Debug|Win32
		{66DC9F01-D6FF-49AD-BFFA-159ADA3AA010}.Debug|x64.ActiveCfg = Debug|x64
		{66DC9F01-D6FF-49AD-BFFA-159ADA3AA010}.Debug|x64.Build.0 = Debug|x64
		{66DC9F01-D6FF-49AD-BFFA-159ADA3AA010}.DebugDLL|Win32.ActiveCfg = DebugDLL|Win32
		{66DC9F01-D6FF-49AD-BFFA-159ADA3AA010}.DebugDLL|Win32.Build.0 = DebugDLL|Win32
		{66DC9F01-D6FF-49AD-BFFA-159ADA3AA010}.DebugDLL|x64.ActiveCfg = DebugDLL|x64
		{66DC9F01-D6FF-49AD-BFFA-159ADA3AA010}.DebugDLL|x64.Build.0 = DebugDLL|x64
		{66DC9F01-D6FF-49AD-BFFA-159ADA3AA010}.Release|Win32.ActiveCfg = Release|Win32
		{66DC9F01-D6FF-49AD-BFFA-159ADA3AA010}.Release|Win32.Build.0 = Release|Win32
		{66DC9F01-D6FF-49AD-BFFA-159ADA3AA010}.Release|x64.ActiveCfg = Release|x64
		{66DC9F01-D6FF-49AD-BFFA-159ADA3AA010}.Release|x64.Build.0 = Release|x64
		{7EF16C8A-D367-40C8-B06D-D0448DB44162}.Debug|Win32.ActiveCfg = Debug|Win32
		{7EF16C8A-D367-40C8-B06D-D0448DB44162}.Debug|Win32.Build.0 = Debug|Win32
		{7EF16C8A-D367-40C8-B06D-D0448DB44162}.Debug|x64.ActiveCfg = Debug|x64
		{7EF16C8A-D367-40C8-B06D-D0448DB44162}.Debug|x64.Build.0 = Debug|x64
		{7EF16C8A-D367-40C8-B06D-D0448DB44162}.DebugDLL|Win32.ActiveCfg = DebugDLL|Win32
		{7EF16C8A-D367-40C8-B06D-D0448DB44162}.DebugDLL|Win32.Build.0 = DebugDLL|Win32
		{7EF16C8A-D367-40C8-B06D-D0448DB44162}.DebugDLL|x64.ActiveCfg = DebugDLL|x64
		{7EF16C8A-D367-40C8-B06D-D0448DB44162}.DebugDLL|x64.Build.0 = DebugDLL|x64
		{7EF16C8A-D367-40C8-B06D-D0448DB44162}.Release|Win32.ActiveCfg = Release|Win32
		{7EF16C8A-D367-40C8-B06D-D0448DB44162}.Release|Win32.Build.0 = Release|Win32
		{7EF16C8A-D367-40C8-B06D-D0448DB44162}.Release|x64.ActiveCfg = Release|x64
		{7EF16C8A-D367-40C8-B06D-D0448DB44162}.Release|x64.Build.0 = Release|x64
		{6E486179-2895-4921-B06A-F7049ED7B283}.Debug|Win32.ActiveCfg = Debug|Win32
		{6E486179-2895-4921-B06A-F7049ED7B283}.Debug|Win32.Build.0 = Debug|Win32
		{6E486179-2895-4921-B06A-F7049ED7B283}.Debug|x64.ActiveCfg = Debug|x64
		{6E486179-2895-4921-B06A-F7049ED7B283}.Debug|x64.Build.0 = Debug|x64
		{6E486179-2895-4921-B06A-F7049ED7B283}.DebugDLL|Win32.ActiveCfg = DebugDLL|Win32
		{6E486179-2895-4921-B06A-F7049ED7B283}.DebugDLL|Win32.Build.0 = DebugDLL|Win32
		{6E486179-2895-4921-B06A-F7049ED7B283}.DebugDLL|x64.ActiveCfg = DebugDLL|x64
		{6E486179-2895-4921-B06A-F7049ED7B283}.DebugDLL|x64.Build.0 = DebugDLL|x64
		{6E486179-2895-4921-B06A-F7049ED7B283}.Release|Win32.ActiveCfg = Release|Win32
		{6E486179-2895-4921-B06A-F7049ED7B283}.Release|Win32.Build.0 = Release|Win32
		{6E486179-2895-4921-B06A-F7049ED7B283}.Release|x64.ActiveCfg = Release|x64
		{6E486179-2895-4921-B06A-F7049ED7B283}.Release|x64.Build.0 = Release|x64
		{B6B45FAA-AAC1-432B-9B58-DB688EE5387E}.Debug|Win32.ActiveCfg = Debug|Win32
		{B6B45FAA-AAC1-432B-9B58-DB688EE5387E}.Debug|Win32.Build.0 = Debug|Win32
		{B6B45FAA-AAC1-432B-9B58-DB688EE5387E}.Debug|x64.ActiveCfg = Debug|x64
		{B6B45FAA-AAC1-432B-9B58-DB688EE5387E}.Debug|x64.Build.0 = Debug|x64
		{B6B45FAA-AAC1-432B-9B58-DB688EE5387E}.DebugDLL|Win32.ActiveCfg = DebugDLL|Win32
		{B6B45FAA-AAC1-432B-9B58-DB688EE5387E}.DebugDLL|Win32.Build.0 = DebugDLL|Win32
		{B6B45FAA-AAC1-432B-9B58-DB688EE5387E}.DebugDLL|x64.ActiveCfg = DebugDLL|x64
		{B6B45FAA-AAC1-432B-9B58-DB688EE5387E}.DebugDLL|x64.Build.0 = DebugDLL|x64
		{B6B45FAA-AAC1-432B-9B58-DB688EE5387E}.Release|Win32.ActiveCfg = Release|Win32
		{B6B45FAA-AAC1-432B-9B58-DB688EE5387E}.Release|Win32.Build.0 = Release|Win32
		{B6B45FAA-AAC1-432B-9B58-DB688EE5387E}.Release|x64.ActiveCfg = Release|x64
		{B6B45FAA-AAC1-432B-9B58-DB688EE5387E}.Release|x64.Build.0 = Release|x64
		{62FE6D71-7285-433A-9973-01C4FF54F121}.Debug|Win32.ActiveCfg = Debug|Win32
		{62FE6D71-7285-433A-9973-01C4FF54F121}.Debug|Win32.Build.0 = Debug|Win32
		{62FE6D71-7285-433A-9973-01C4FF54F121}.Debug|x64.ActiveCfg = Debug|x64
		{62FE6D71-7285-433A-9973-01C4FF54F121}.Debug|x64.Build.0 = Debug|x64
		{62FE6D71-7285-433A-9973-01C4FF54F121}.DebugDLL|Win32.ActiveCfg = DebugDLL|Win32
		{62FE6D71-7285-433A-9973-01C4FF54F121}.DebugDLL|Win32.Build.0 = DebugDLL|Win32
		{62FE6D71-7285-433A-9973-01C4FF54F121}.DebugDLL|x64.ActiveCfg = DebugDLL|x64
		{62FE6D71-7285-433A-9973-01C4FF54F121}.DebugDLL|x64.Build.0 = DebugDLL|x64
		{62FE6D71-7285-433A-9973-01C4FF54F121}.Release|Win32.ActiveCfg = Release|Win32
		{62FE6D71-7285-433A-9973-01C4FF54F121}.Release|Win32.Build.0 = Release|Win32
		{62FE6D71-7285-433A-9973-01C4FF54F121}.Release|x64.ActiveCfg = Release|x64
		{62FE6D71-7285-433A-9973-01C4FF54F121}.Release|x64.Build.0 = Release|x64
		{43795729-F568-4646-99EF-36ADA015A214}.Debug|Win32.ActiveCfg = Debug|Win32
		{43795729-F568-4646-99EF-36ADA015A214}.Debug|Win32.Build.0 = Debug|Win32
		{43795729-F568-4646-99EF-36ADA015A214}.Debug|x64.ActiveCfg = Debug|x64
		{43795729-F568-4646-99EF-36ADA015A214}.Debug|x64.Build.0 = Debug|x64
		{43795729-F568-4646-99EF-36ADA015A214}.DebugDLL|Win32.ActiveCfg = DebugDLL|Win32
		{43795729-F568-4646-99EF-36ADA015A214}.DebugDLL|Win32.Build.0 = DebugDLL|Win32
		{43795729-F568-4646-99EF-36ADA015A214}.DebugDLL|x64.ActiveCfg = DebugDLL|x64
		{43795729-F568-4646-99EF-36ADA015A214}.DebugDLL|x64.Build.0 = DebugDLL|x64
		{43795729-F568-4646-99EF-36ADA015A214}.Release|Win32.ActiveCfg = Release|Win32
		{43795729-F568-4646-99EF-36ADA015A214}.Release|Win32.Build.0 = Release|Win32
		{43795729-F568-4646-99EF-36ADA015A214}.Release|x64.ActiveCfg = Release|x64
		{43795729-F568-4646-99EF-36ADA015A214}.Release|x64.Build.0 = Release|x64
		{FC362564-47B8-474A-B883-B3F33152CF75}.Debug|Win32.ActiveCfg = Debug|Win32
		{FC362564-47B8-474A-B883-B3F33152CF75}.Debug|Win32.Build.0 = Debug|Win32
		{FC362564-47B8-474A-B883-B3F33152CF75}.Debug|x64.ActiveCfg = Debug|x64
		{FC362564-47B8-474A-B883-B3F33152CF75}.Debug|x64.Build.0 = Debug|x64
		{FC362564-47B8-474A-B883-B3F33152CF75}.DebugDLL|Win32.ActiveCfg = DebugDLL|Win32
		{FC362564-47B8-474A-B883-B3F33152CF75}.DebugDLL|Win32.Build.0 = DebugDLL|Win32
		{FC362564-47B8-474A-B883-B3F33152CF75}.DebugDLL|x64.ActiveCfg = DebugDLL|x64
		{FC362564-47B8-474A-B883-B3F33152CF75}.DebugDLL|x64.Build.0 = DebugDLL|x64
		{FC362564-47B8-474A-B883-B3F33152CF75}.Release|Win32.ActiveCfg = Release|Win32
		{FC362564-47B8-474A-B883-B3F33152CF75}.Release|Win32.Build.0 = Release|Win32
		{FC362564-47B8-474A-B883-B3F33152CF75}.Release|x64.ActiveCfg = Release|x64
		{FC362564-47B8-474A-B883-B3F33152CF75}.Release|x64.Build.0 = Release|x64
		{A9E03D6C-DB20-422C-A316-3B00FDCB4904}.Debug|Win32.ActiveCfg = Debug|Win32
		{A9E03D6C-DB20-422C-A316-3B00FDCB4904}.Debug|Win32.Build.0 = Debug|Win32
		{A9E03D6C-DB20-422C-A316-3B00FDCB4904}.Debug|x64.ActiveCfg = Debug|x64
		{A9E03D6C-DB20-422C-A316-3B00FDCB4904}.Debug|x64.Build.0 = Debug|x64
		{A9E03D6C-DB20-422C-A316-3B00FDCB4904}.DebugDLL|Win32.ActiveCfg = DebugDLL|Win32
		{A9E03D6C-DB20-422C-A316-3B00FDCB4904}.DebugDLL|Win32.Build.0 = DebugDLL|Win32
		{A9E03D6C-DB20-422C-A316-3B00FDCB4904}.DebugDLL|x64.ActiveCfg = DebugDLL|x64
		{A9E03D6C-DB20-422C-A316-3B00FDCB4904}.DebugDLL|x64.Build.0 = DebugDLL|x64
		{A9E03D6C-DB20-422C-A316-3B00FDCB4904}.Release|Win32.ActiveCfg = Release|Win32
		{A9E03D6C-DB20-422C-A316-3B00FDCB4904}.Release|Win32.Build.0 = Release|Win32
		{A9E03D6C-DB20-422C-A316-3B00FDCB4904}.Release|x64.ActiveCfg = Release|x64
		{A9E03D6C-DB20-422C-A316-3B00FDCB4904}.Release|x64.Build.0 = Release|x64
	EndGlobalSection
	GlobalSection(SolutionProperties) = preSolution
		HideSolutionNode = FALSE
	EndGlobalSection
EndGlobal
